{
  "name": "OpenVideoTS",
  "version": "0.0.0",
  "lockfileVersion": 1,
  "requires": true,
  "dependencies": {
    "@types/chrome": {
      "version": "0.0.75",
      "resolved": "https://registry.npmjs.org/@types/chrome/-/chrome-0.0.75.tgz",
      "integrity": "sha512-wfy/8egkLkznDD8zcimbqJBvBoJrmSr0mcptnnVdi5MbzKidlLr7DiRoYVPHIGKdMVlv1kaGIQ8l+RD3moy89A==",
      "dev": true,
      "requires": {
        "@types/filesystem": "*"
      }
    },
    "@types/filesystem": {
      "version": "0.0.29",
      "resolved": "https://registry.npmjs.org/@types/filesystem/-/filesystem-0.0.29.tgz",
      "integrity": "sha512-85/1KfRedmfPGsbK8YzeaQUyV1FQAvMPMTuWFQ5EkLd2w7szhNO96bk3Rh/SKmOfd9co2rCLf0Voy4o7ECBOvw==",
      "dev": true,
      "requires": {
        "@types/filewriter": "*"
      }
    },
    "@types/filewriter": {
      "version": "0.0.28",
      "resolved": "http://registry.npmjs.org/@types/filewriter/-/filewriter-0.0.28.tgz",
      "integrity": "sha1-wFTor02d11205jq8dviFFocU1LM=",
      "dev": true
    },
    "@types/firefox-webext-browser": {
      "version": "64.0.0",
      "resolved": "https://registry.npmjs.org/@types/firefox-webext-browser/-/firefox-webext-browser-64.0.0.tgz",
      "integrity": "sha512-J511wSP0T4n1KuU00YGNH3A8Rrg6oK7mzf8X2lIQ75GYcPPupUhQUj7qZz0NSyoiZB67sUSjyJOy1nVxMS2cNg==",
      "dev": true
    },
    "@types/video.js": {
      "version": "7.2.5",
      "resolved": "https://registry.npmjs.org/@types/video.js/-/video.js-7.2.5.tgz",
      "integrity": "sha512-5WUDOme0q81d58nEqf7qnz7B2Jc4jlA7/MQGOgoqI5VE6oied0KUfk5x/XqPSZSAHNwDDREAkrcK8JXcB+iruQ==",
      "dev": true
    }
  }
}
